
Microsoft Visual Studio Solution File, Format Version 12.00
# Visual Studio Version 17
VisualStudioVersion = 17.1.32328.378
MinimumVisualStudioVersion = 10.0.40219.1
Project("{FAE04EC0-301F-11D3-BF4B-00C04F79EFBC}") = "WordFinder.Tests", "WordFinder.Tests\WordFinder.Tests.csproj", "{32EBB16D-B6CB-43CB-B0D2-42EECF2CD878}"
EndProject
Project("{FAE04EC0-301F-11D3-BF4B-00C04F79EFBC}") = "WordFinder.App", "WordFinder.App\WordFinder.App.csproj", "{896824D1-664C-49E4-8C06-49F7B5D0C539}"
EndProject
Global
	GlobalSection(SolutionConfigurationPlatforms) = preSolution
		Debug|Any CPU = Debug|Any CPU
		Release|Any CPU = Release|Any CPU
	EndGlobalSection
	GlobalSection(ProjectConfigurationPlatforms) = postSolution
		{32EBB16D-B6CB-43CB-B0D2-42EECF2CD878}.Debug|Any CPU.ActiveCfg = Debug|Any CPU
		{32EBB16D-B6CB-43CB-B0D2-42EECF2CD878}.Debug|Any CPU.Build.0 = Debug|Any CPU
		{32EBB16D-B6CB-43CB-B0D2-42EECF2CD878}.Release|Any CPU.ActiveCfg = Release|Any CPU
		{32EBB16D-B6CB-43CB-B0D2-42EECF2CD878}.Release|Any CPU.Build.0 = Release|Any CPU
		{896824D1-664C-49E4-8C06-49F7B5D0C539}.Debug|Any CPU.ActiveCfg = Debug|Any CPU
		{896824D1-664C-49E4-8C06-49F7B5D0C539}.Debug|Any CPU.Build.0 = Debug|Any CPU
		{896824D1-664C-49E4-8C06-49F7B5D0C539}.Release|Any CPU.ActiveCfg = Release|Any CPU
		{896824D1-664C-49E4-8C06-49F7B5D0C539}.Release|Any CPU.Build.0 = Release|Any CPU
	EndGlobalSection
	GlobalSection(SolutionProperties) = preSolution
		HideSolutionNode = FALSE
	EndGlobalSection
	GlobalSection(ExtensibilityGlobals) = postSolution
		SolutionGuid = {1EB29793-F895-4A47-801C-4715AA8F376E}
	EndGlobalSection
EndGlobal
